
Microsoft Visual Studio Solution File, Format Version 12.00
# Visual Studio Version 16
VisualStudioVersion = 16.0.32106.194
MinimumVisualStudioVersion = 10.0.40219.1
Project("{9A19103F-16F7-4668-BE54-9A1E7A4F7556}") = "CleanSuporte.Domain", "CleanSuporte.Domain\CleanSuporte.Domain.csproj", "{572D38DD-A0F8-4456-B063-B7E6D0D7A817}"
EndProject
Project("{9A19103F-16F7-4668-BE54-9A1E7A4F7556}") = "CleanSuporte.Aplication", "CleanSuporte.Aplication\CleanSuporte.Aplication.csproj", "{B30766E9-7D44-42A6-ACC0-795647128517}"
EndProject
Project("{9A19103F-16F7-4668-BE54-9A1E7A4F7556}") = "CleanSuporte.Infra.Data", "CleanSuporte.Infra.Data\CleanSuporte.Infra.Data.csproj", "{83A8F471-410B-41A1-9F3F-337C22D95CDD}"
EndProject
Project("{9A19103F-16F7-4668-BE54-9A1E7A4F7556}") = "CleanSuporte.Infra.IoC", "CleanSuporte.Infra.IoC\CleanSuporte.Infra.IoC.csproj", "{7944617A-9E5E-4199-AA29-CCAFA67FF31F}"
EndProject
Project("{9A19103F-16F7-4668-BE54-9A1E7A4F7556}") = "CleanSuporte.Mvc", "CleanSuporte.Mvc\CleanSuporte.Mvc.csproj", "{24E39EE7-EB44-4B2E-BFFA-D8FC32617F46}"
EndProject
Global
	GlobalSection(SolutionConfigurationPlatforms) = preSolution
		Debug|Any CPU = Debug|Any CPU
		Release|Any CPU = Release|Any CPU
	EndGlobalSection
	GlobalSection(ProjectConfigurationPlatforms) = postSolution
		{572D38DD-A0F8-4456-B063-B7E6D0D7A817}.Debug|Any CPU.ActiveCfg = Debug|Any CPU
		{572D38DD-A0F8-4456-B063-B7E6D0D7A817}.Debug|Any CPU.Build.0 = Debug|Any CPU
		{572D38DD-A0F8-4456-B063-B7E6D0D7A817}.Release|Any CPU.ActiveCfg = Release|Any CPU
		{572D38DD-A0F8-4456-B063-B7E6D0D7A817}.Release|Any CPU.Build.0 = Release|Any CPU
		{B30766E9-7D44-42A6-ACC0-795647128517}.Debug|Any CPU.ActiveCfg = Debug|Any CPU
		{B30766E9-7D44-42A6-ACC0-795647128517}.Debug|Any CPU.Build.0 = Debug|Any CPU
		{B30766E9-7D44-42A6-ACC0-795647128517}.Release|Any CPU.ActiveCfg = Release|Any CPU
		{B30766E9-7D44-42A6-ACC0-795647128517}.Release|Any CPU.Build.0 = Release|Any CPU
		{83A8F471-410B-41A1-9F3F-337C22D95CDD}.Debug|Any CPU.ActiveCfg = Debug|Any CPU
		{83A8F471-410B-41A1-9F3F-337C22D95CDD}.Debug|Any CPU.Build.0 = Debug|Any CPU
		{83A8F471-410B-41A1-9F3F-337C22D95CDD}.Release|Any CPU.ActiveCfg = Release|Any CPU
		{83A8F471-410B-41A1-9F3F-337C22D95CDD}.Release|Any CPU.Build.0 = Release|Any CPU
		{7944617A-9E5E-4199-AA29-CCAFA67FF31F}.Debug|Any CPU.ActiveCfg = Debug|Any CPU
		{7944617A-9E5E-4199-AA29-CCAFA67FF31F}.Debug|Any CPU.Build.0 = Debug|Any CPU
		{7944617A-9E5E-4199-AA29-CCAFA67FF31F}.Release|Any CPU.ActiveCfg = Release|Any CPU
		{7944617A-9E5E-4199-AA29-CCAFA67FF31F}.Release|Any CPU.Build.0 = Release|Any CPU
		{24E39EE7-EB44-4B2E-BFFA-D8FC32617F46}.Debug|Any CPU.ActiveCfg = Debug|Any CPU
		{24E39EE7-EB44-4B2E-BFFA-D8FC32617F46}.Debug|Any CPU.Build.0 = Debug|Any CPU
		{24E39EE7-EB44-4B2E-BFFA-D8FC32617F46}.Release|Any CPU.ActiveCfg = Release|Any CPU
		{24E39EE7-EB44-4B2E-BFFA-D8FC32617F46}.Release|Any CPU.Build.0 = Release|Any CPU
	EndGlobalSection
	GlobalSection(SolutionProperties) = preSolution
		HideSolutionNode = FALSE
	EndGlobalSection
	GlobalSection(ExtensibilityGlobals) = postSolution
		SolutionGuid = {DC3859C3-DE31-417C-A87C-CAEDBCEDAA3B}
	EndGlobalSection
EndGlobal
